{
  "name": "bhosda",
  "version": "1.0.0",
  "lockfileVersion": 3,
  "requires": true,
  "packages": {
    "": {
      "name": "bhosda",
      "version": "1.0.0",
      "license": "ISC",
      "dependencies": {
        "bhosda": "^1.0.0"
      }
    },
    "node_modules/bhosda": {
      "version": "1.0.0",
      "resolved": "https://registry.npmjs.org/bhosda/-/bhosda-1.0.0.tgz",
      "integrity": "sha512-F14tCCX7Xc1vRoKToIRKpErlyTi9L1zPY8c18Xu5mWgSYDdEZiWiDER9EAzYzoM9/lz0B52H+F7TQlI8n4+aRA==",
      "license": "ISC"
    }
  }
}
